PODS:
  - CodePush (5.2.1):
    - CodePush/Base64 (= 5.2.1)
    - CodePush/Core (= 5.2.1)
    - CodePush/JWT (= 5.2.1)
    - CodePush/SSZipArchive (= 5.2.1)
    - React
  - CodePush/Base64 (5.2.1):
    - React
  - CodePush/Core (5.2.1):
    - React
  - CodePush/JWT (5.2.1):
    - React
  - CodePush/SSZipArchive (5.2.1):
    - React
  - React (0.45.1):
    - React/Core (= 0.45.1)
  - React/BatchedBridge (0.45.1):
    - React/Core
    - React/cxxreact_legacy
  - React/Core (0.45.1):
    - Yoga (= 0.45.1.React)
  - React/cxxreact_legacy (0.45.1):
    - React/jschelpers_legacy
  - React/DevSupport (0.45.1):
    - React/Core
    - React/RCTWebSocket
  - React/jschelpers_legacy (0.45.1)
  - React/RCTAnimation (0.45.1):
    - React/Core
  - React/RCTImage (0.45.1):
    - React/Core
    - React/RCTNetwork
  - React/RCTLinkingIOS (0.45.1):
    - React/Core
  - React/RCTNetwork (0.45.1):
    - React/Core
  - React/RCTText (0.45.1):
    - React/Core
  - React/RCTWebSocket (0.45.1):
    - React/Core
  - Yoga (0.45.1.React)

DEPENDENCIES:
  - CodePush (from `../ReactNative/node_modules/react-native-code-push`)
  - React/BatchedBridge (from `../ReactNative/node_modules/react-native`)
  - React/Core (from `../ReactNative/node_modules/react-native`)
  - React/DevSupport (from `../ReactNative/node_modules/react-native`)
  - React/RCTAnimation (from `../ReactNative/node_modules/react-native`)
  - React/RCTImage (from `../ReactNative/node_modules/react-native`)
  - React/RCTLinkingIOS (from `../ReactNative/node_modules/react-native`)
  - React/RCTNetwork (from `../ReactNative/node_modules/react-native`)
  - React/RCTText (from `../ReactNative/node_modules/react-native`)
  - React/RCTWebSocket (from `../ReactNative/node_modules/react-native`)
  - Yoga (from `../ReactNative/node_modules/react-native/ReactCommon/yoga`)

EXTERNAL SOURCES:
  CodePush:
    :path: ../ReactNative/node_modules/react-native-code-push
  React:
    :path: ../ReactNative/node_modules/react-native
  Yoga:
    :path: ../ReactNative/node_modules/react-native/ReactCommon/yoga

SPEC CHECKSUMS:
  CodePush: 8ccbb42bc42a8aba0803206141b96578bde892d7
  React: 0c9191a8b0c843d7004f950ac6b5f6cba9d125c7
  Yoga: 89c8738d42a0b46a113acb4e574336d61cba2985

PODFILE CHECKSUM: 60c4a94f0c63998749f579f29642a70f19351ac6

COCOAPODS: 1.3.0.beta.3
